
Microsoft Visual Studio Solution File, Format Version 12.00
# Visual Studio 15
Project("{FAE04EC0-301F-11D3-BF4B-00C04F79EFBC}") = "Assembly-CSharp", "Assembly-CSharp.csproj", "{BFCFEA08-C1A3-FC4E-7F32-76E46D5E0320}"
EndProject
Global
	GlobalSection(SolutionConfigurationPlatforms) = preSolution
		Debug|Any CPU = Debug|Any CPU
		Release|Any CPU = Release|Any CPU
	EndGlobalSection
	GlobalSection(ProjectConfigurationPlatforms) = postSolution
		{BFCFEA08-C1A3-FC4E-7F32-76E46D5E0320}.Debug|Any CPU.ActiveCfg = Debug|Any CPU
		{BFCFEA08-C1A3-FC4E-7F32-76E46D5E0320}.Debug|Any CPU.Build.0 = Debug|Any CPU
		{BFCFEA08-C1A3-FC4E-7F32-76E46D5E0320}.Release|Any CPU.ActiveCfg = Release|Any CPU
		{BFCFEA08-C1A3-FC4E-7F32-76E46D5E0320}.Release|Any CPU.Build.0 = Release|Any CPU
	EndGlobalSection
	GlobalSection(SolutionProperties) = preSolution
		HideSolutionNode = FALSE
	EndGlobalSection
EndGlobal
